
Microsoft Visual Studio Solution File, Format Version 12.00
# Visual Studio Version 17
VisualStudioVersion = 17.3.32901.215
MinimumVisualStudioVersion = 10.0.40219.1
Project("{FAE04EC0-301F-11D3-BF4B-00C04F79EFBC}") = "mychess", "mychess\mychess.csproj", "{B51B93E8-D1C8-42CF-9AFE-A19D20F1A4F0}"
EndProject
Global
	GlobalSection(SolutionConfigurationPlatforms) = preSolution
		Debug|Any CPU = Debug|Any CPU
		Release|Any CPU = Release|Any CPU
	EndGlobalSection
	GlobalSection(ProjectConfigurationPlatforms) = postSolution
		{B51B93E8-D1C8-42CF-9AFE-A19D20F1A4F0}.Debug|Any CPU.ActiveCfg = Debug|Any CPU
		{B51B93E8-D1C8-42CF-9AFE-A19D20F1A4F0}.Debug|Any CPU.Build.0 = Debug|Any CPU
		{B51B93E8-D1C8-42CF-9AFE-A19D20F1A4F0}.Release|Any CPU.ActiveCfg = Release|Any CPU
		{B51B93E8-D1C8-42CF-9AFE-A19D20F1A4F0}.Release|Any CPU.Build.0 = Release|Any CPU
	EndGlobalSection
	GlobalSection(SolutionProperties) = preSolution
		HideSolutionNode = FALSE
	EndGlobalSection
	GlobalSection(ExtensibilityGlobals) = postSolution
		SolutionGuid = {C91AC66E-951F-4326-8F6F-CB4A15F0677E}
	EndGlobalSection
EndGlobal
